
Microsoft Visual Studio Solution File, Format Version 12.00
# Visual Studio Version 17
VisualStudioVersion = 17.12.35527.113
MinimumVisualStudioVersion = 10.0.40219.1
Project("{2150E333-8FDC-42A3-9474-1A3956D46DE8}") = "src", "src", "{CFB7C22D-0495-4F39-8F42-0B88E0B68B58}"
EndProject
Project("{FAE04EC0-301F-11D3-BF4B-00C04F79EFBC}") = "Domain", "src\Domain\Domain.csproj", "{00E9835C-462D-405A-AFE3-1DD5DA1CDA29}"
EndProject
Project("{FAE04EC0-301F-11D3-BF4B-00C04F79EFBC}") = "Application", "src\Application\Application.csproj", "{D8BB8DD1-CAC1-496A-850B-3EC927247AC9}"
EndProject
Project("{FAE04EC0-301F-11D3-BF4B-00C04F79EFBC}") = "Infrastructure", "src\Infrastructure\Infrastructure.csproj", "{CD060B58-ACBB-4DCC-B423-D84DDD43A2C0}"
EndProject
Project("{FAE04EC0-301F-11D3-BF4B-00C04F79EFBC}") = "WebAPI", "src\WebAPI\WebAPI.csproj", "{EADD0846-CF6D-47AB-B09B-3AC5EB17EA66}"
EndProject
Project("{2150E333-8FDC-42A3-9474-1A3956D46DE8}") = "tests", "tests", "{D34DDC15-8249-43A4-945B-43A6D24A509D}"
EndProject
Project("{FAE04EC0-301F-11D3-BF4B-00C04F79EFBC}") = "Api.Tests.Integrations", "Api.Tests\Api.Tests.Integrations.csproj", "{AB898B94-46CA-4AC8-8D28-DC11B3AD1B4A}"
EndProject
Project("{FAE04EC0-301F-11D3-BF4B-00C04F79EFBC}") = "Test.Data", "Test.Data\Test.Data.csproj", "{DC3B04D8-2DF4-4D52-9F7A-1BBC197ECF67}"
EndProject
Project("{FAE04EC0-301F-11D3-BF4B-00C04F79EFBC}") = "Tests.Common", "Tests.Common\Tests.Common.csproj", "{46740B0D-5D88-4DD2-A7C7-E9BE26AAE4B7}"
EndProject
Global
	GlobalSection(SolutionConfigurationPlatforms) = preSolution
		Debug|Any CPU = Debug|Any CPU
		Release|Any CPU = Release|Any CPU
	EndGlobalSection
	GlobalSection(ProjectConfigurationPlatforms) = postSolution
		{00E9835C-462D-405A-AFE3-1DD5DA1CDA29}.Debug|Any CPU.ActiveCfg = Debug|Any CPU
		{00E9835C-462D-405A-AFE3-1DD5DA1CDA29}.Debug|Any CPU.Build.0 = Debug|Any CPU
		{00E9835C-462D-405A-AFE3-1DD5DA1CDA29}.Release|Any CPU.ActiveCfg = Release|Any CPU
		{00E9835C-462D-405A-AFE3-1DD5DA1CDA29}.Release|Any CPU.Build.0 = Release|Any CPU
		{D8BB8DD1-CAC1-496A-850B-3EC927247AC9}.Debug|Any CPU.ActiveCfg = Debug|Any CPU
		{D8BB8DD1-CAC1-496A-850B-3EC927247AC9}.Debug|Any CPU.Build.0 = Debug|Any CPU
		{D8BB8DD1-CAC1-496A-850B-3EC927247AC9}.Release|Any CPU.ActiveCfg = Release|Any CPU
		{D8BB8DD1-CAC1-496A-850B-3EC927247AC9}.Release|Any CPU.Build.0 = Release|Any CPU
		{CD060B58-ACBB-4DCC-B423-D84DDD43A2C0}.Debug|Any CPU.ActiveCfg = Debug|Any CPU
		{CD060B58-ACBB-4DCC-B423-D84DDD43A2C0}.Debug|Any CPU.Build.0 = Debug|Any CPU
		{CD060B58-ACBB-4DCC-B423-D84DDD43A2C0}.Release|Any CPU.ActiveCfg = Release|Any CPU
		{CD060B58-ACBB-4DCC-B423-D84DDD43A2C0}.Release|Any CPU.Build.0 = Release|Any CPU
		{EADD0846-CF6D-47AB-B09B-3AC5EB17EA66}.Debug|Any CPU.ActiveCfg = Debug|Any CPU
		{EADD0846-CF6D-47AB-B09B-3AC5EB17EA66}.Debug|Any CPU.Build.0 = Debug|Any CPU
		{EADD0846-CF6D-47AB-B09B-3AC5EB17EA66}.Release|Any CPU.ActiveCfg = Release|Any CPU
		{EADD0846-CF6D-47AB-B09B-3AC5EB17EA66}.Release|Any CPU.Build.0 = Release|Any CPU
		{AB898B94-46CA-4AC8-8D28-DC11B3AD1B4A}.Debug|Any CPU.ActiveCfg = Debug|Any CPU
		{AB898B94-46CA-4AC8-8D28-DC11B3AD1B4A}.Debug|Any CPU.Build.0 = Debug|Any CPU
		{AB898B94-46CA-4AC8-8D28-DC11B3AD1B4A}.Release|Any CPU.ActiveCfg = Release|Any CPU
		{AB898B94-46CA-4AC8-8D28-DC11B3AD1B4A}.Release|Any CPU.Build.0 = Release|Any CPU
		{DC3B04D8-2DF4-4D52-9F7A-1BBC197ECF67}.Debug|Any CPU.ActiveCfg = Debug|Any CPU
		{DC3B04D8-2DF4-4D52-9F7A-1BBC197ECF67}.Debug|Any CPU.Build.0 = Debug|Any CPU
		{DC3B04D8-2DF4-4D52-9F7A-1BBC197ECF67}.Release|Any CPU.ActiveCfg = Release|Any CPU
		{DC3B04D8-2DF4-4D52-9F7A-1BBC197ECF67}.Release|Any CPU.Build.0 = Release|Any CPU
		{46740B0D-5D88-4DD2-A7C7-E9BE26AAE4B7}.Debug|Any CPU.ActiveCfg = Debug|Any CPU
		{46740B0D-5D88-4DD2-A7C7-E9BE26AAE4B7}.Debug|Any CPU.Build.0 = Debug|Any CPU
		{46740B0D-5D88-4DD2-A7C7-E9BE26AAE4B7}.Release|Any CPU.ActiveCfg = Release|Any CPU
		{46740B0D-5D88-4DD2-A7C7-E9BE26AAE4B7}.Release|Any CPU.Build.0 = Release|Any CPU
	EndGlobalSection
	GlobalSection(SolutionProperties) = preSolution
		HideSolutionNode = FALSE
	EndGlobalSection
	GlobalSection(NestedProjects) = preSolution
		{00E9835C-462D-405A-AFE3-1DD5DA1CDA29} = {CFB7C22D-0495-4F39-8F42-0B88E0B68B58}
		{D8BB8DD1-CAC1-496A-850B-3EC927247AC9} = {CFB7C22D-0495-4F39-8F42-0B88E0B68B58}
		{CD060B58-ACBB-4DCC-B423-D84DDD43A2C0} = {CFB7C22D-0495-4F39-8F42-0B88E0B68B58}
		{EADD0846-CF6D-47AB-B09B-3AC5EB17EA66} = {CFB7C22D-0495-4F39-8F42-0B88E0B68B58}
		{AB898B94-46CA-4AC8-8D28-DC11B3AD1B4A} = {D34DDC15-8249-43A4-945B-43A6D24A509D}
		{DC3B04D8-2DF4-4D52-9F7A-1BBC197ECF67} = {D34DDC15-8249-43A4-945B-43A6D24A509D}
		{46740B0D-5D88-4DD2-A7C7-E9BE26AAE4B7} = {D34DDC15-8249-43A4-945B-43A6D24A509D}
	EndGlobalSection
EndGlobal
